
Microsoft Visual Studio Solution File, Format Version 12.00
# Visual Studio 15
VisualStudioVersion = 15.0.27703.2035
MinimumVisualStudioVersion = 10.0.40219.1
Project("{8BC9CEB8-8B4A-11D0-8D11-00A0C91BC942}") = "Audio-Master", "Audio-Master\Audio-Master.vcxproj", "{5C2521B9-D5D4-46DB-9374-D8F06D686B34}"
EndProject
Project("{8BC9CEB8-8B4A-11D0-8D11-00A0C91BC942}") = "FFT Test", "FFT Test\FFT Test.vcxproj", "{6538C931-28DA-478E-A6EF-E542E512423C}"
EndProject
Project("{8BC9CEB8-8B4A-11D0-8D11-00A0C91BC942}") = "SFX API", "SFX API\SFX API.vcxproj", "{D88EEFF3-2EAB-4904-9C6C-5DD39CAA6D52}"
EndProject
Project("{8BC9CEB8-8B4A-11D0-8D11-00A0C91BC942}") = "LowPassFilter", "LowPassFilter\LowPassFilter.vcxproj", "{C7085A42-1BF3-4B80-85B5-0FA1A57E66F0}"
EndProject
Project("{8BC9CEB8-8B4A-11D0-8D11-00A0C91BC942}") = "HighPassFilter", "HighPassFilter\HighPassFilter.vcxproj", "{5D8A6391-25C7-467B-9F02-C7FB501E3B4B}"
EndProject
Project("{FAE04EC0-301F-11D3-BF4B-00C04F79EFBC}") = "Visualiser", "Visualiser\Visualiser.csproj", "{DE8FDE26-AF9D-4A88-8A57-867780C9ED2A}"
EndProject
Global
	GlobalSection(SolutionConfigurationPlatforms) = preSolution
		Debug|Any CPU = Debug|Any CPU
		Debug|x64 = Debug|x64
		Debug|x86 = Debug|x86
		Release|Any CPU = Release|Any CPU
		Release|x64 = Release|x64
		Release|x86 = Release|x86
	EndGlobalSection
	GlobalSection(ProjectConfigurationPlatforms) = postSolution
		{5C2521B9-D5D4-46DB-9374-D8F06D686B34}.Debug|Any CPU.ActiveCfg = Debug|Win32
		{5C2521B9-D5D4-46DB-9374-D8F06D686B34}.Debug|x64.ActiveCfg = Debug|x64
		{5C2521B9-D5D4-46DB-9374-D8F06D686B34}.Debug|x64.Build.0 = Debug|x64
		{5C2521B9-D5D4-46DB-9374-D8F06D686B34}.Debug|x86.ActiveCfg = Debug|Win32
		{5C2521B9-D5D4-46DB-9374-D8F06D686B34}.Debug|x86.Build.0 = Debug|Win32
		{5C2521B9-D5D4-46DB-9374-D8F06D686B34}.Release|Any CPU.ActiveCfg = Release|Win32
		{5C2521B9-D5D4-46DB-9374-D8F06D686B34}.Release|x64.ActiveCfg = Release|x64
		{5C2521B9-D5D4-46DB-9374-D8F06D686B34}.Release|x64.Build.0 = Release|x64
		{5C2521B9-D5D4-46DB-9374-D8F06D686B34}.Release|x86.ActiveCfg = Release|Win32
		{5C2521B9-D5D4-46DB-9374-D8F06D686B34}.Release|x86.Build.0 = Release|Win32
		{6538C931-28DA-478E-A6EF-E542E512423C}.Debug|Any CPU.ActiveCfg = Debug|Win32
		{6538C931-28DA-478E-A6EF-E542E512423C}.Debug|x64.ActiveCfg = Debug|x64
		{6538C931-28DA-478E-A6EF-E542E512423C}.Debug|x64.Build.0 = Debug|x64
		{6538C931-28DA-478E-A6EF-E542E512423C}.Debug|x86.ActiveCfg = Debug|Win32
		{6538C931-28DA-478E-A6EF-E542E512423C}.Debug|x86.Build.0 = Debug|Win32
		{6538C931-28DA-478E-A6EF-E542E512423C}.Release|Any CPU.ActiveCfg = Release|Win32
		{6538C931-28DA-478E-A6EF-E542E512423C}.Release|x64.ActiveCfg = Release|x64
		{6538C931-28DA-478E-A6EF-E542E512423C}.Release|x64.Build.0 = Release|x64
		{6538C931-28DA-478E-A6EF-E542E512423C}.Release|x86.ActiveCfg = Release|Win32
		{6538C931-28DA-478E-A6EF-E542E512423C}.Release|x86.Build.0 = Release|Win32
		{D88EEFF3-2EAB-4904-9C6C-5DD39CAA6D52}.Debug|Any CPU.ActiveCfg = Debug|Win32
		{D88EEFF3-2EAB-4904-9C6C-5DD39CAA6D52}.Debug|x64.ActiveCfg = Debug|x64
		{D88EEFF3-2EAB-4904-9C6C-5DD39CAA6D52}.Debug|x64.Build.0 = Debug|x64
		{D88EEFF3-2EAB-4904-9C6C-5DD39CAA6D52}.Debug|x86.ActiveCfg = Debug|Win32
		{D88EEFF3-2EAB-4904-9C6C-5DD39CAA6D52}.Debug|x86.Build.0 = Debug|Win32
		{D88EEFF3-2EAB-4904-9C6C-5DD39CAA6D52}.Release|Any CPU.ActiveCfg = Release|Win32
		{D88EEFF3-2EAB-4904-9C6C-5DD39CAA6D52}.Release|x64.ActiveCfg = Release|x64
		{D88EEFF3-2EAB-4904-9C6C-5DD39CAA6D52}.Release|x64.Build.0 = Release|x64
		{D88EEFF3-2EAB-4904-9C6C-5DD39CAA6D52}.Release|x86.ActiveCfg = Release|Win32
		{D88EEFF3-2EAB-4904-9C6C-5DD39CAA6D52}.Release|x86.Build.0 = Release|Win32
		{C7085A42-1BF3-4B80-85B5-0FA1A57E66F0}.Debug|Any CPU.ActiveCfg = Debug|Win32
		{C7085A42-1BF3-4B80-85B5-0FA1A57E66F0}.Debug|x64.ActiveCfg = Debug|x64
		{C7085A42-1BF3-4B80-85B5-0FA1A57E66F0}.Debug|x64.Build.0 = Debug|x64
		{C7085A42-1BF3-4B80-85B5-0FA1A57E66F0}.Debug|x86.ActiveCfg = Debug|Win32
		{C7085A42-1BF3-4B80-85B5-0FA1A57E66F0}.Debug|x86.Build.0 = Debug|Win32
		{C7085A42-1BF3-4B80-85B5-0FA1A57E66F0}.Release|Any CPU.ActiveCfg = Release|Win32
		{C7085A42-1BF3-4B80-85B5-0FA1A57E66F0}.Release|x64.ActiveCfg = Release|x64
		{C7085A42-1BF3-4B80-85B5-0FA1A57E66F0}.Release|x64.Build.0 = Release|x64
		{C7085A42-1BF3-4B80-85B5-0FA1A57E66F0}.Release|x86.ActiveCfg = Release|Win32
		{C7085A42-1BF3-4B80-85B5-0FA1A57E66F0}.Release|x86.Build.0 = Release|Win32
		{5D8A6391-25C7-467B-9F02-C7FB501E3B4B}.Debug|Any CPU.ActiveCfg = Debug|Win32
		{5D8A6391-25C7-467B-9F02-C7FB501E3B4B}.Debug|x64.ActiveCfg = Debug|x64
		{5D8A6391-25C7-467B-9F02-C7FB501E3B4B}.Debug|x64.Build.0 = Debug|x64
		{5D8A6391-25C7-467B-9F02-C7FB501E3B4B}.Debug|x86.ActiveCfg = Debug|Win32
		{5D8A6391-25C7-467B-9F02-C7FB501E3B4B}.Debug|x86.Build.0 = Debug|Win32
		{5D8A6391-25C7-467B-9F02-C7FB501E3B4B}.Release|Any CPU.ActiveCfg = Release|Win32
		{5D8A6391-25C7-467B-9F02-C7FB501E3B4B}.Release|x64.ActiveCfg = Release|x64
		{5D8A6391-25C7-467B-9F02-C7FB501E3B4B}.Release|x64.Build.0 = Release|x64
		{5D8A6391-25C7-467B-9F02-C7FB501E3B4B}.Release|x86.ActiveCfg = Release|Win32
		{5D8A6391-25C7-467B-9F02-C7FB501E3B4B}.Release|x86.Build.0 = Release|Win32
		{DE8FDE26-AF9D-4A88-8A57-867780C9ED2A}.Debug|Any CPU.ActiveCfg = Debug|Any CPU
		{DE8FDE26-AF9D-4A88-8A57-867780C9ED2A}.Debug|Any CPU.Build.0 = Debug|Any CPU
		{DE8FDE26-AF9D-4A88-8A57-867780C9ED2A}.Debug|x64.ActiveCfg = Debug|Any CPU
		{DE8FDE26-AF9D-4A88-8A57-867780C9ED2A}.Debug|x64.Build.0 = Debug|Any CPU
		{DE8FDE26-AF9D-4A88-8A57-867780C9ED2A}.Debug|x86.ActiveCfg = Debug|Any CPU
		{DE8FDE26-AF9D-4A88-8A57-867780C9ED2A}.Debug|x86.Build.0 = Debug|Any CPU
		{DE8FDE26-AF9D-4A88-8A57-867780C9ED2A}.Release|Any CPU.ActiveCfg = Release|Any CPU
		{DE8FDE26-AF9D-4A88-8A57-867780C9ED2A}.Release|Any CPU.Build.0 = Release|Any CPU
		{DE8FDE26-AF9D-4A88-8A57-867780C9ED2A}.Release|x64.ActiveCfg = Release|Any CPU
		{DE8FDE26-AF9D-4A88-8A57-867780C9ED2A}.Release|x64.Build.0 = Release|Any CPU
		{DE8FDE26-AF9D-4A88-8A57-867780C9ED2A}.Release|x86.ActiveCfg = Release|Any CPU
		{DE8FDE26-AF9D-4A88-8A57-867780C9ED2A}.Release|x86.Build.0 = Release|Any CPU
	EndGlobalSection
	GlobalSection(SolutionProperties) = preSolution
		HideSolutionNode = FALSE
	EndGlobalSection
	GlobalSection(ExtensibilityGlobals) = postSolution
		SolutionGuid = {628F2D34-6434-4E95-A22C-428AF3F48C70}
	EndGlobalSection
EndGlobal
